# This file is automatically @generated by Poetry 1.8.5 and should not be changed by hand.

[[package]]
name = "quickfix-ssl"
version = "1.15.1.post4"
description = "FIX (Financial Information eXchange) protocol implementation (SSL enabled)"
optional = false
python-versions = "*"
files = [
    {file = "quickfix-ssl-1.15.1.post4.tar.gz", hash = "sha256:2cd6f5ee2d5e9635d786dec89ac8620ac2ad3b33a68e97b86174e1a2446acbe1"},
    {file = "quickfix_ssl-1.15.1.post4-cp310-cp310-manylinux_2_17_x86_64.manylinux2014_x86_64.whl", hash = "sha256:6fe602ed073f18b81c1af44d89f3bd295752e41adce77de55fc50701cb7c8838"},
    {file = "quickfix_ssl-1.15.1.post4-cp311-cp311-manylinux_2_17_aarch64.manylinux2014_aarch64.whl", hash = "sha256:c2e718e6b74c37ca06626bb882f0382f89b88c68b50703d31ad51085253a18ef"},
    {file = "quickfix_ssl-1.15.1.post4-cp311-cp311-manylinux_2_17_x86_64.manylinux2014_x86_64.whl", hash = "sha256:0653d550418f0f75c6e6ef7385c8466449a44f50392066a23950ea0a4d0d9980"},
    {file = "quickfix_ssl-1.15.1.post4-cp37-cp37m-manylinux_2_12_x86_64.manylinux2010_x86_64.whl", hash = "sha256:335cf845a26ddaa89db6be4aba4bc2c82e8fdd42d3df7a4949abd8a8eaa2573f"},
    {file = "quickfix_ssl-1.15.1.post4-cp38-cp38-manylinux_2_17_x86_64.manylinux2014_x86_64.whl", hash = "sha256:85d27606e81c63665ce7a63b64e42903fbea6febd13c53f070c5a47d84c34a9a"},
    {file = "quickfix_ssl-1.15.1.post4-cp39-cp39-manylinux_2_17_x86_64.manylinux2014_x86_64.whl", hash = "sha256:ee59b09451131773f8f344669d87bee23a41b251c097b5ffc058fa0d9c0367f5"},
]

[metadata]
lock-version = "2.0"
python-versions = ">3.10,<4"
content-hash = "6cf828f99eaa2635bb1f68b62269db61d962aceba57333c9e2037f7fd9da88bd"
